# THIS IS AN AUTOGENERATED FILE. DO NOT EDIT THIS FILE DIRECTLY.
# yarn lockfile v1


"@fortawesome/fontawesome-free@^5.8.1":
  version "5.8.1"
  resolved "https://registry.yarnpkg.com/@fortawesome/fontawesome-free/-/fontawesome-free-5.8.1.tgz#cbafbfe8894c4e3e3c3a9da6774e249ac1f2da8b"
  integrity sha512-GJtx6e55qLEOy2gPOsok2lohjpdWNGrYGtQx0FFT/++K4SYx+Z8LlPHdQBaFzKEwH5IbBB4fNgb//uyZjgYXoA==

"@vizuaalog/bulmajs@^0.9.1":
  version "0.9.1"
  resolved "https://registry.yarnpkg.com/@vizuaalog/bulmajs/-/bulmajs-0.9.1.tgz#e19639c4b022d6f965c1ebd0a168fc90a610d636"
  integrity sha512-99UOnL2nZ+E5u21F8XackYUKCe9GEUR6kr5fRFzyHZd9+grCM9Xs5qUPz6CLLQYiwT7+dJj5vi4PKxzMcVFZCQ==

bootstrap@^4.3.1:
  version "4.3.1"
  resolved "https://registry.yarnpkg.com/bootstrap/-/bootstrap-4.3.1.tgz#280ca8f610504d99d7b6b4bfc4b68cec601704ac"
  integrity sha512-rXqOmH1VilAt2DyPzluTi2blhk17bO7ef+zLLPlWvG494pDxcM234pJ8wTc/6R40UWizAIIMgxjvxZg5kmsbag==

bulma-toast@^1.5.1:
  version "1.5.1"
  resolved "https://registry.yarnpkg.com/bulma-toast/-/bulma-toast-1.5.1.tgz#a88a4c0aee224b6344dfa5dfbcc49f7a25e865d1"
  integrity sha512-RgJ9jaQmN418PySZSMHk9ukG6gOpmPu5U96ahe21kgaN3jS6FoA1T8RLu3v73GSLGIAfayyVS73hbR71lh7fug==

bulma@^0.7.4:
  version "0.7.4"
  resolved "https://registry.yarnpkg.com/bulma/-/bulma-0.7.4.tgz#7e74512e9118d9799021339e67e365ee0ac4f3f9"
  integrity sha512-krG2rP6eAX1WE0sf6O0SC/FUVSOBX4m1PBC2+GKLpb2pX0qanaDqcv9U2nu75egFrsHkI0zdWYuk/oGwoszVWg==

desandro-matches-selector@^2.0.0:
  version "2.0.2"
  resolved "https://registry.yarnpkg.com/desandro-matches-selector/-/desandro-matches-selector-2.0.2.tgz#717beed4dc13e7d8f3762f707a6d58a6774218e1"
  integrity sha1-cXvu1NwT59jzdi9wem1YpndCGOE=

dropzone@^5.5.1:
  version "5.5.1"
  resolved "https://registry.yarnpkg.com/dropzone/-/dropzone-5.5.1.tgz#06e2f513e61d6aa363d4b556f18574f47cf7ba26"
  integrity sha512-3VduRWLxx9hbVr42QieQN25mx/I61/mRdUSuxAmDGdDqZIN8qtP7tcKMa3KfpJjuGjOJGYYUzzeq6eGDnkzesA==

ev-emitter@^1.0.1, ev-emitter@^1.0.2:
  version "1.1.1"
  resolved "https://registry.yarnpkg.com/ev-emitter/-/ev-emitter-1.1.1.tgz#8f18b0ce5c76a5d18017f71c0a795c65b9138f2a"
  integrity sha512-ipiDYhdQSCZ4hSbX4rMW+XzNKMD1prg/sTvoVmSLkuQ1MVlwjJQQA+sW8tMYR3BLUr9KjodFV4pvzunvRhd33Q==

fizzy-ui-utils@^2.0.0:
  version "2.0.7"
  resolved "https://registry.yarnpkg.com/fizzy-ui-utils/-/fizzy-ui-utils-2.0.7.tgz#7df45dcc4eb374a08b65d39bb9a4beedf7330505"
  integrity sha512-CZXDVXQ1If3/r8s0T+v+qVeMshhfcuq0rqIFgJnrtd+Bu8GmDmqMjntjUePypVtjHXKJ6V4sw9zeyox34n9aCg==
  dependencies:
    desandro-matches-selector "^2.0.0"

flatpickr@^4.5.7:
  version "4.5.7"
  resolved "https://registry.yarnpkg.com/flatpickr/-/flatpickr-4.5.7.tgz#6efc0d93c65547aa77294205c67830ebabe3565c"
  integrity sha512-JqPfihUc9A/j9QAsh6otoARmMyUauPE17vRBEG+ThJwbl8zAq4ssGpxlPK3wWM/i8EFxkHg9UuVo0ds7XluKxw==

flickity@^2.2.0:
  version "2.2.0"
  resolved "https://registry.yarnpkg.com/flickity/-/flickity-2.2.0.tgz#9ac65006d9cc77d2035f7eff33d5d9a3d4a8092f"
  integrity sha512-K9trFruKtbi4F8nOo+pHjJK4P/Pqix2Udq3lHhUVXfxqmoxuwZHu3nEEiEb49NWpzBrVHHIcnnn8fhcUTkWpgA==
  dependencies:
    desandro-matches-selector "^2.0.0"
    ev-emitter "^1.0.2"
    fizzy-ui-utils "^2.0.0"
    get-size "^2.0.0"
    unidragger "^2.3.0"
    unipointer "^2.3.0"

formvalidation@^0.6.2-dev:
  version "0.6.2-dev"
  resolved "https://registry.yarnpkg.com/formvalidation/-/formvalidation-0.6.2-dev.tgz#4547e02fc7e3a56f09c04c50853a7b1c4a89a48e"
  integrity sha1-RUfgL8fjpW8JwExQhTp7HEqJpI4=

get-size@^2.0.0:
  version "2.0.3"
  resolved "https://registry.yarnpkg.com/get-size/-/get-size-2.0.3.tgz#54a1d0256b20ea7ac646516756202769941ad2ef"
  integrity sha512-lXNzT/h/dTjTxRbm9BXb+SGxxzkm97h/PCIKtlN/CBCxxmkkIVV21udumMS93MuVTDX583gqc94v3RjuHmI+2Q==

jquery@>=1.12.0, jquery@>=1.8.3, jquery@^3.3.1, jquery@^3.4.0:
  version "3.4.0"
  resolved "https://registry.yarnpkg.com/jquery/-/jquery-3.4.0.tgz#8de513fa0fa4b2c7d2e48a530e26f0596936efdf"
  integrity sha512-ggRCXln9zEqv6OqAGXFEcshF5dSBvCkzj6Gm2gzuR5fWawaX8t7cxKVkkygKODrDAzKdoYw3l/e3pm3vlT4IbQ==

"js-tokens@^3.0.0 || ^4.0.0":
  version "4.0.0"
  resolved "https://registry.yarnpkg.com/js-tokens/-/js-tokens-4.0.0.tgz#19203fb59991df98e3a287050d4647cdeaf32499"
  integrity sha512-RdJUflcE3cUzKiMqQgsCu06FPu9UdIJO0beYbPhHN4k6apgJtifcoCtT9bcxOpYBtpD2kCM6Sbzg4CausW/PKQ==

linkifyjs@^2.1.8:
  version "2.1.8"
  resolved "https://registry.yarnpkg.com/linkifyjs/-/linkifyjs-2.1.8.tgz#2bee2272674dc196cce3740b8436c43df2162f9c"
  integrity sha512-j3QpiEr4UYzN5foKhrr9Sr06VI9vSlI4HisDWt+7Mq+TWDwpJ6H/LLpogYsXcyUIJLVhGblXXdUnblHsVNMPpg==
  optionalDependencies:
    jquery "^3.3.1"
    react "^16.4.2"
    react-dom "^16.4.2"

load-script2@^1.0.0:
  version "1.0.1"
  resolved "https://registry.yarnpkg.com/load-script2/-/load-script2-1.0.1.tgz#fd7d75987d0a7dbeab5b11f93581b9154a04eac1"
  integrity sha512-36d/FxKtirfX9ALoQ+GXX4Hub+q3LdwFtgFXsj5Jc4TEfNPckDHN7YKCm0zTTnmcGHzjWlbHvIUb7+CtI7LFhA==

loose-envify@^1.1.0, loose-envify@^1.4.0:
  version "1.4.0"
  resolved "https://registry.yarnpkg.com/loose-envify/-/loose-envify-1.4.0.tgz#71ee51fa7be4caec1a63839f7e682d8132d30caf"
  integrity sha512-lyuxPGr/Wfhrlem2CL/UcnUc1zcqKAImBDzukY7Y5F/yQiNdko6+fRLevlw1HgMySw7f611UIY408EtxRSoK3Q==
  dependencies:
    js-tokens "^3.0.0 || ^4.0.0"

object-assign@^4.1.1:
  version "4.1.1"
  resolved "https://registry.yarnpkg.com/object-assign/-/object-assign-4.1.1.tgz#2109adc7965887cfc05cbbd442cac8bfbb360863"
  integrity sha1-IQmtx5ZYh8/AXLvUQsrIv7s2CGM=

owl.carousel@^2.3.4:
  version "2.3.4"
  resolved "https://registry.yarnpkg.com/owl.carousel/-/owl.carousel-2.3.4.tgz#6c53dc8d24304b790e4f27a1dc4a655e973ccdc9"
  integrity sha512-JaDss9+feAvEW8KZppPSpllfposEzQiW+Ytt/Xm5t/3CTJ7YVmkh6RkWixoA2yXk2boIwedYxOvrrppIGzru9A==
  dependencies:
    jquery ">=1.8.3"

particles.js@^2.0.0:
  version "2.0.0"
  resolved "https://registry.yarnpkg.com/particles.js/-/particles.js-2.0.0.tgz#21386c4328d6c7f96780a201e96eedfc09c736f6"
  integrity sha1-IThsQyjWx/lngKIB6W7t/AnHNvY=

popper.js@^1.15.0:
  version "1.15.0"
  resolved "https://registry.yarnpkg.com/popper.js/-/popper.js-1.15.0.tgz#5560b99bbad7647e9faa475c6b8056621f5a4ff2"
  integrity sha512-w010cY1oCUmI+9KwwlWki+r5jxKfTFDVoadl7MSrIujHU5MJ5OR6HTDj6Xo8aoR/QsA56x8jKjA59qGH4ELtrA==

prop-types@^15.6.2:
  version "15.7.2"
  resolved "https://registry.yarnpkg.com/prop-types/-/prop-types-15.7.2.tgz#52c41e75b8c87e72b9d9360e0206b99dcbffa6c5"
  integrity sha512-8QQikdH7//R2vurIJSutZ1smHYTcLpRWEOlHnzcWHmBYrOGUysKwSsrC89BCiFj3CbrfJ/nXFdJepOVrY1GCHQ==
  dependencies:
    loose-envify "^1.4.0"
    object-assign "^4.1.1"
    react-is "^16.8.1"

react-dom@^16.4.2:
  version "16.8.6"
  resolved "https://registry.yarnpkg.com/react-dom/-/react-dom-16.8.6.tgz#71d6303f631e8b0097f56165ef608f051ff6e10f"
  integrity sha512-1nL7PIq9LTL3fthPqwkvr2zY7phIPjYrT0jp4HjyEQrEROnw4dG41VVwi/wfoCneoleqrNX7iAD+pXebJZwrwA==
  dependencies:
    loose-envify "^1.1.0"
    object-assign "^4.1.1"
    prop-types "^15.6.2"
    scheduler "^0.13.6"

react-is@^16.8.1:
  version "16.8.6"
  resolved "https://registry.yarnpkg.com/react-is/-/react-is-16.8.6.tgz#5bbc1e2d29141c9fbdfed456343fe2bc430a6a16"
  integrity sha512-aUk3bHfZ2bRSVFFbbeVS4i+lNPZr3/WM5jT2J5omUVV1zzcs1nAaf3l51ctA5FFvCRbhrH0bdAsRRQddFJZPtA==

react@^16.4.2:
  version "16.8.6"
  resolved "https://registry.yarnpkg.com/react/-/react-16.8.6.tgz#ad6c3a9614fd3a4e9ef51117f54d888da01f2bbe"
  integrity sha512-pC0uMkhLaHm11ZSJULfOBqV4tIZkx87ZLvbbQYunNixAAvjnC+snJCg0XQXn9VIsttVsbZP/H/ewzgsd5fxKXw==
  dependencies:
    loose-envify "^1.1.0"
    object-assign "^4.1.1"
    prop-types "^15.6.2"
    scheduler "^0.13.6"

scheduler@^0.13.6:
  version "0.13.6"
  resolved "https://registry.yarnpkg.com/scheduler/-/scheduler-0.13.6.tgz#466a4ec332467b31a91b9bf74e5347072e4cd889"
  integrity sha512-IWnObHt413ucAYKsD9J1QShUKkbKLQQHdxRyw73sw4FN26iWr3DY/H34xGPe4nmL1DwXyWmSWmMrA9TfQbE/XQ==
  dependencies:
    loose-envify "^1.1.0"
    object-assign "^4.1.1"

slick-carousel@^1.8.1:
  version "1.8.1"
  resolved "https://registry.yarnpkg.com/slick-carousel/-/slick-carousel-1.8.1.tgz#a4bfb29014887bb66ce528b90bd0cda262cc8f8d"
  integrity sha512-XB9Ftrf2EEKfzoQXt3Nitrt/IPbT+f1fgqBdoxO3W/+JYvtEOW6EgxnWfr9GH6nmULv7Y2tPmEX3koxThVmebA==

sweetalert2@^8.8.5:
  version "8.8.5"
  resolved "https://registry.yarnpkg.com/sweetalert2/-/sweetalert2-8.8.5.tgz#2c794bc325332de5cec5c7fd774d99ed887e0b85"
  integrity sha512-Ajg4u6N0NEHgQ13xwLAXgTmLwFeDwN9JhgCC39YsIwTCN0yqEN8KRnLpmS0izM3GhdzgBmWA6WSgcKBZDyFfUw==

toastr@^2.1.4:
  version "2.1.4"
  resolved "https://registry.yarnpkg.com/toastr/-/toastr-2.1.4.tgz#8b43be64fb9d0c414871446f2db8e8ca4e95f181"
  integrity sha1-i0O+ZPudDEFIcURvLbjoyk6V8YE=
  dependencies:
    jquery ">=1.12.0"

uikit@^3.0.3:
  version "3.0.3"
  resolved "https://registry.yarnpkg.com/uikit/-/uikit-3.0.3.tgz#ead1b0a152d2771d2684f60086766ccc50fa3450"
  integrity sha512-Z73TXlnfJCAXczg5mFCZSTwR0Ii1wW2fZumfIR8G1x1x4SyKHpkU0JCZDoIryYFMu1gSpvy5hZiXk3t4i5tTlw==

unidragger@^2.3.0:
  version "2.3.0"
  resolved "https://registry.yarnpkg.com/unidragger/-/unidragger-2.3.0.tgz#ab9d9fd62106f3252d88fae5f3a99575e6d31d02"
  integrity sha512-dVkSqQdwcsaNmXaandBAOcJ4QVvkrDPosfCcZ7opYPkAiisCQaGlNw0pg00lBV4MQoWEXsEaiwhtQlbnvlXrQQ==
  dependencies:
    unipointer "^2.3.0"

unipointer@^2.3.0:
  version "2.3.0"
  resolved "https://registry.yarnpkg.com/unipointer/-/unipointer-2.3.0.tgz#ba0dc462ce31c2a88e80810e19c3bae0ce47ed9f"
  integrity sha512-m85sAoELCZhogI1owtJV3Dva7GxkHk2lI7A0otw3o0OwCuC/Q9gi7ehddigEYIAYbhkqNdri+dU1QQkrcBvirQ==
  dependencies:
    ev-emitter "^1.0.1"

yt-player@^3.1.0:
  version "3.1.0"
  resolved "https://registry.yarnpkg.com/yt-player/-/yt-player-3.1.0.tgz#44031ff15eae36637534c6ada2e535274cbce02d"
  integrity sha512-QwMXRCUcmI87ihMsq3rhnsPJIzHbo5UQ9nUQ549ghSF+hIwMtau2SuxFQ1lQqXYdcpeztsocIsMzowYiO179dg==
  dependencies:
    load-script2 "^1.0.0"

zepto.js@^1.1.6:
  version "1.1.6"
  resolved "https://registry.yarnpkg.com/zepto.js/-/zepto.js-1.1.6.tgz#143d7f985317029b1170711216cf4fe4c089e68a"
  integrity sha1-FD1/mFMXApsRcHESFs9P5MCJ5oo=
